
Microsoft Visual Studio Solution File, Format Version 12.00
# Visual Studio Version 17
VisualStudioVersion = 17.7.34221.43
MinimumVisualStudioVersion = 10.0.40219.1
Project("{9A19103F-16F7-4668-BE54-9A1E7A4F7556}") = "TextRPGGame", "TextRPGGame\TextRPGGame.csproj", "{E37B9E77-ED80-4C57-94AD-9E0FBCB33B86}"
EndProject
Global
	GlobalSection(SolutionConfigurationPlatforms) = preSolution
		Debug|Any CPU = Debug|Any CPU
		Release|Any CPU = Release|Any CPU
	EndGlobalSection
	GlobalSection(ProjectConfigurationPlatforms) = postSolution
		{E37B9E77-ED80-4C57-94AD-9E0FBCB33B86}.Debug|Any CPU.ActiveCfg = Debug|Any CPU
		{E37B9E77-ED80-4C57-94AD-9E0FBCB33B86}.Debug|Any CPU.Build.0 = Debug|Any CPU
		{E37B9E77-ED80-4C57-94AD-9E0FBCB33B86}.Release|Any CPU.ActiveCfg = Release|Any CPU
		{E37B9E77-ED80-4C57-94AD-9E0FBCB33B86}.Release|Any CPU.Build.0 = Release|Any CPU
	EndGlobalSection
	GlobalSection(SolutionProperties) = preSolution
		HideSolutionNode = FALSE
	EndGlobalSection
	GlobalSection(ExtensibilityGlobals) = postSolution
		SolutionGuid = {741872AC-26E2-40E0-B16F-8F5DB8C4ECA9}
	EndGlobalSection
EndGlobal
